
Microsoft Visual Studio Solution File, Format Version 12.00
# Visual Studio 15
VisualStudioVersion = 15.0.28307.1062
MinimumVisualStudioVersion = 10.0.40219.1
Project("{FAE04EC0-301F-11D3-BF4B-00C04F79EFBC}") = "Login1New", "Login1New.csproj", "{8EB7B19A-23C8-4BFC-8C09-9F38134CB136}"
EndProject
Project("{FAE04EC0-301F-11D3-BF4B-00C04F79EFBC}") = "LibreriaLuc", "..\ClassLibrary1\LibreriaLuc.csproj", "{46DB7736-2ECD-4D15-A529-7838E33560C0}"
EndProject
Global
	GlobalSection(SolutionConfigurationPlatforms) = preSolution
		Debug|Any CPU = Debug|Any CPU
		Release|Any CPU = Release|Any CPU
	EndGlobalSection
	GlobalSection(ProjectConfigurationPlatforms) = postSolution
		{8EB7B19A-23C8-4BFC-8C09-9F38134CB136}.Debug|Any CPU.ActiveCfg = Debug|Any CPU
		{8EB7B19A-23C8-4BFC-8C09-9F38134CB136}.Debug|Any CPU.Build.0 = Debug|Any CPU
		{8EB7B19A-23C8-4BFC-8C09-9F38134CB136}.Release|Any CPU.ActiveCfg = Release|Any CPU
		{8EB7B19A-23C8-4BFC-8C09-9F38134CB136}.Release|Any CPU.Build.0 = Release|Any CPU
		{46DB7736-2ECD-4D15-A529-7838E33560C0}.Debug|Any CPU.ActiveCfg = Debug|Any CPU
		{46DB7736-2ECD-4D15-A529-7838E33560C0}.Debug|Any CPU.Build.0 = Debug|Any CPU
		{46DB7736-2ECD-4D15-A529-7838E33560C0}.Release|Any CPU.ActiveCfg = Release|Any CPU
		{46DB7736-2ECD-4D15-A529-7838E33560C0}.Release|Any CPU.Build.0 = Release|Any CPU
	EndGlobalSection
	GlobalSection(SolutionProperties) = preSolution
		HideSolutionNode = FALSE
	EndGlobalSection
	GlobalSection(ExtensibilityGlobals) = postSolution
		SolutionGuid = {CC5EE342-CC16-4859-8EC2-A2D9C1C0BDEC}
	EndGlobalSection
EndGlobal
